
Microsoft Visual Studio Solution File, Format Version 12.00
# Visual Studio Version 16
VisualStudioVersion = 16.0.28621.142
MinimumVisualStudioVersion = 15.0.26124.0
Project("{2150E333-8FDC-42A3-9474-1A3956D46DE8}") = "src", "src", "{7F19A070-46CF-4532-9648-B29DC488E83E}"
EndProject
Project("{2150E333-8FDC-42A3-9474-1A3956D46DE8}") = "Services", "Services", "{69E22F55-66B7-442D-B386-8DC167DE8C75}"
EndProject
Project("{2150E333-8FDC-42A3-9474-1A3956D46DE8}") = "Identity", "Identity", "{3B16C99E-18F3-4A8F-81B0-FB2FB9240366}"
EndProject
Project("{E53339B2-1760-4266-BCC7-CA923CBCF16C}") = "docker-compose", "docker-compose.dcproj", "{9FEBE730-44AA-48E6-BD4E-B6C06A05B4DB}"
EndProject
Project("{2150E333-8FDC-42A3-9474-1A3956D46DE8}") = "Monitoring", "Monitoring", "{824E5F33-E500-4A50-889E-036FAFF11580}"
EndProject
Project("{9A19103F-16F7-4668-BE54-9A1E7A4F7556}") = "Monitoring.API", "src\Services\Monitoring\Monitoring.API\Monitoring.API.csproj", "{2B4CFE41-FD9D-4FB8-8BC5-23A6DA7F8982}"
EndProject
Project("{2150E333-8FDC-42A3-9474-1A3956D46DE8}") = "Payment", "Payment", "{0BDAF458-765C-4613-A465-7E9E76C5B71F}"
EndProject
Project("{9A19103F-16F7-4668-BE54-9A1E7A4F7556}") = "Payment.API", "src\Services\Payment\Payment.API\Payment.API.csproj", "{4CCF2B62-02B1-4642-A828-2CCD8A18A1EE}"
EndProject
Project("{2150E333-8FDC-42A3-9474-1A3956D46DE8}") = "ApiGateways", "ApiGateways", "{38874871-C8AB-45BE-9EF2-2519FA487CF5}"
EndProject
Project("{9A19103F-16F7-4668-BE54-9A1E7A4F7556}") = "Gateway", "src\ApiGateways\Gateway\Gateway.csproj", "{606D7998-97A3-4C9E-BF10-C5F65CF0ED24}"
EndProject
Project("{2150E333-8FDC-42A3-9474-1A3956D46DE8}") = "WebApp", "WebApp", "{AEC286A1-CA18-4CD5-8040-8B332FF78817}"
EndProject
Project("{9A19103F-16F7-4668-BE54-9A1E7A4F7556}") = "WebSPA", "src\WebApp\WebSPA\WebSPA.csproj", "{9746C426-E7EF-49C0-8565-4B00E63F7549}"
EndProject
Project("{FAE04EC0-301F-11D3-BF4B-00C04F79EFBC}") = "Identity.API", "src\Services\Identity\Identity.API\Identity.API.csproj", "{CF625B91-AC85-4B3B-BB91-3B52CA0F84FA}"
EndProject
Global
	GlobalSection(SolutionConfigurationPlatforms) = preSolution
		Debug|Any CPU = Debug|Any CPU
		Debug|x64 = Debug|x64
		Debug|x86 = Debug|x86
		Release|Any CPU = Release|Any CPU
		Release|x64 = Release|x64
		Release|x86 = Release|x86
	EndGlobalSection
	GlobalSection(ProjectConfigurationPlatforms) = postSolution
		{9FEBE730-44AA-48E6-BD4E-B6C06A05B4DB}.Debug|Any CPU.ActiveCfg = Debug|Any CPU
		{9FEBE730-44AA-48E6-BD4E-B6C06A05B4DB}.Debug|Any CPU.Build.0 = Debug|Any CPU
		{9FEBE730-44AA-48E6-BD4E-B6C06A05B4DB}.Debug|x64.ActiveCfg = Debug|Any CPU
		{9FEBE730-44AA-48E6-BD4E-B6C06A05B4DB}.Debug|x64.Build.0 = Debug|Any CPU
		{9FEBE730-44AA-48E6-BD4E-B6C06A05B4DB}.Debug|x86.ActiveCfg = Debug|Any CPU
		{9FEBE730-44AA-48E6-BD4E-B6C06A05B4DB}.Debug|x86.Build.0 = Debug|Any CPU
		{9FEBE730-44AA-48E6-BD4E-B6C06A05B4DB}.Release|Any CPU.ActiveCfg = Release|Any CPU
		{9FEBE730-44AA-48E6-BD4E-B6C06A05B4DB}.Release|Any CPU.Build.0 = Release|Any CPU
		{9FEBE730-44AA-48E6-BD4E-B6C06A05B4DB}.Release|x64.ActiveCfg = Release|Any CPU
		{9FEBE730-44AA-48E6-BD4E-B6C06A05B4DB}.Release|x64.Build.0 = Release|Any CPU
		{9FEBE730-44AA-48E6-BD4E-B6C06A05B4DB}.Release|x86.ActiveCfg = Release|Any CPU
		{9FEBE730-44AA-48E6-BD4E-B6C06A05B4DB}.Release|x86.Build.0 = Release|Any CPU
		{2B4CFE41-FD9D-4FB8-8BC5-23A6DA7F8982}.Debug|Any CPU.ActiveCfg = Debug|Any CPU
		{2B4CFE41-FD9D-4FB8-8BC5-23A6DA7F8982}.Debug|Any CPU.Build.0 = Debug|Any CPU
		{2B4CFE41-FD9D-4FB8-8BC5-23A6DA7F8982}.Debug|x64.ActiveCfg = Debug|Any CPU
		{2B4CFE41-FD9D-4FB8-8BC5-23A6DA7F8982}.Debug|x64.Build.0 = Debug|Any CPU
		{2B4CFE41-FD9D-4FB8-8BC5-23A6DA7F8982}.Debug|x86.ActiveCfg = Debug|Any CPU
		{2B4CFE41-FD9D-4FB8-8BC5-23A6DA7F8982}.Debug|x86.Build.0 = Debug|Any CPU
		{2B4CFE41-FD9D-4FB8-8BC5-23A6DA7F8982}.Release|Any CPU.ActiveCfg = Release|Any CPU
		{2B4CFE41-FD9D-4FB8-8BC5-23A6DA7F8982}.Release|Any CPU.Build.0 = Release|Any CPU
		{2B4CFE41-FD9D-4FB8-8BC5-23A6DA7F8982}.Release|x64.ActiveCfg = Release|Any CPU
		{2B4CFE41-FD9D-4FB8-8BC5-23A6DA7F8982}.Release|x64.Build.0 = Release|Any CPU
		{2B4CFE41-FD9D-4FB8-8BC5-23A6DA7F8982}.Release|x86.ActiveCfg = Release|Any CPU
		{2B4CFE41-FD9D-4FB8-8BC5-23A6DA7F8982}.Release|x86.Build.0 = Release|Any CPU
		{4CCF2B62-02B1-4642-A828-2CCD8A18A1EE}.Debug|Any CPU.ActiveCfg = Debug|Any CPU
		{4CCF2B62-02B1-4642-A828-2CCD8A18A1EE}.Debug|Any CPU.Build.0 = Debug|Any CPU
		{4CCF2B62-02B1-4642-A828-2CCD8A18A1EE}.Debug|x64.ActiveCfg = Debug|Any CPU
		{4CCF2B62-02B1-4642-A828-2CCD8A18A1EE}.Debug|x64.Build.0 = Debug|Any CPU
		{4CCF2B62-02B1-4642-A828-2CCD8A18A1EE}.Debug|x86.ActiveCfg = Debug|Any CPU
		{4CCF2B62-02B1-4642-A828-2CCD8A18A1EE}.Debug|x86.Build.0 = Debug|Any CPU
		{4CCF2B62-02B1-4642-A828-2CCD8A18A1EE}.Release|Any CPU.ActiveCfg = Release|Any CPU
		{4CCF2B62-02B1-4642-A828-2CCD8A18A1EE}.Release|Any CPU.Build.0 = Release|Any CPU
		{4CCF2B62-02B1-4642-A828-2CCD8A18A1EE}.Release|x64.ActiveCfg = Release|Any CPU
		{4CCF2B62-02B1-4642-A828-2CCD8A18A1EE}.Release|x64.Build.0 = Release|Any CPU
		{4CCF2B62-02B1-4642-A828-2CCD8A18A1EE}.Release|x86.ActiveCfg = Release|Any CPU
		{4CCF2B62-02B1-4642-A828-2CCD8A18A1EE}.Release|x86.Build.0 = Release|Any CPU
		{606D7998-97A3-4C9E-BF10-C5F65CF0ED24}.Debug|Any CPU.ActiveCfg = Debug|Any CPU
		{606D7998-97A3-4C9E-BF10-C5F65CF0ED24}.Debug|Any CPU.Build.0 = Debug|Any CPU
		{606D7998-97A3-4C9E-BF10-C5F65CF0ED24}.Debug|x64.ActiveCfg = Debug|Any CPU
		{606D7998-97A3-4C9E-BF10-C5F65CF0ED24}.Debug|x64.Build.0 = Debug|Any CPU
		{606D7998-97A3-4C9E-BF10-C5F65CF0ED24}.Debug|x86.ActiveCfg = Debug|Any CPU
		{606D7998-97A3-4C9E-BF10-C5F65CF0ED24}.Debug|x86.Build.0 = Debug|Any CPU
		{606D7998-97A3-4C9E-BF10-C5F65CF0ED24}.Release|Any CPU.ActiveCfg = Release|Any CPU
		{606D7998-97A3-4C9E-BF10-C5F65CF0ED24}.Release|Any CPU.Build.0 = Release|Any CPU
		{606D7998-97A3-4C9E-BF10-C5F65CF0ED24}.Release|x64.ActiveCfg = Release|Any CPU
		{606D7998-97A3-4C9E-BF10-C5F65CF0ED24}.Release|x64.Build.0 = Release|Any CPU
		{606D7998-97A3-4C9E-BF10-C5F65CF0ED24}.Release|x86.ActiveCfg = Release|Any CPU
		{606D7998-97A3-4C9E-BF10-C5F65CF0ED24}.Release|x86.Build.0 = Release|Any CPU
		{9746C426-E7EF-49C0-8565-4B00E63F7549}.Debug|Any CPU.ActiveCfg = Debug|Any CPU
		{9746C426-E7EF-49C0-8565-4B00E63F7549}.Debug|Any CPU.Build.0 = Debug|Any CPU
		{9746C426-E7EF-49C0-8565-4B00E63F7549}.Debug|x64.ActiveCfg = Debug|Any CPU
		{9746C426-E7EF-49C0-8565-4B00E63F7549}.Debug|x64.Build.0 = Debug|Any CPU
		{9746C426-E7EF-49C0-8565-4B00E63F7549}.Debug|x86.ActiveCfg = Debug|Any CPU
		{9746C426-E7EF-49C0-8565-4B00E63F7549}.Debug|x86.Build.0 = Debug|Any CPU
		{9746C426-E7EF-49C0-8565-4B00E63F7549}.Release|Any CPU.ActiveCfg = Release|Any CPU
		{9746C426-E7EF-49C0-8565-4B00E63F7549}.Release|Any CPU.Build.0 = Release|Any CPU
		{9746C426-E7EF-49C0-8565-4B00E63F7549}.Release|x64.ActiveCfg = Release|Any CPU
		{9746C426-E7EF-49C0-8565-4B00E63F7549}.Release|x64.Build.0 = Release|Any CPU
		{9746C426-E7EF-49C0-8565-4B00E63F7549}.Release|x86.ActiveCfg = Release|Any CPU
		{9746C426-E7EF-49C0-8565-4B00E63F7549}.Release|x86.Build.0 = Release|Any CPU
		{CF625B91-AC85-4B3B-BB91-3B52CA0F84FA}.Debug|Any CPU.ActiveCfg = Debug|Any CPU
		{CF625B91-AC85-4B3B-BB91-3B52CA0F84FA}.Debug|Any CPU.Build.0 = Debug|Any CPU
		{CF625B91-AC85-4B3B-BB91-3B52CA0F84FA}.Debug|x64.ActiveCfg = Debug|Any CPU
		{CF625B91-AC85-4B3B-BB91-3B52CA0F84FA}.Debug|x64.Build.0 = Debug|Any CPU
		{CF625B91-AC85-4B3B-BB91-3B52CA0F84FA}.Debug|x86.ActiveCfg = Debug|Any CPU
		{CF625B91-AC85-4B3B-BB91-3B52CA0F84FA}.Debug|x86.Build.0 = Debug|Any CPU
		{CF625B91-AC85-4B3B-BB91-3B52CA0F84FA}.Release|Any CPU.ActiveCfg = Release|Any CPU
		{CF625B91-AC85-4B3B-BB91-3B52CA0F84FA}.Release|Any CPU.Build.0 = Release|Any CPU
		{CF625B91-AC85-4B3B-BB91-3B52CA0F84FA}.Release|x64.ActiveCfg = Release|Any CPU
		{CF625B91-AC85-4B3B-BB91-3B52CA0F84FA}.Release|x64.Build.0 = Release|Any CPU
		{CF625B91-AC85-4B3B-BB91-3B52CA0F84FA}.Release|x86.ActiveCfg = Release|Any CPU
		{CF625B91-AC85-4B3B-BB91-3B52CA0F84FA}.Release|x86.Build.0 = Release|Any CPU
	EndGlobalSection
	GlobalSection(SolutionProperties) = preSolution
		HideSolutionNode = FALSE
	EndGlobalSection
	GlobalSection(NestedProjects) = preSolution
		{69E22F55-66B7-442D-B386-8DC167DE8C75} = {7F19A070-46CF-4532-9648-B29DC488E83E}
		{3B16C99E-18F3-4A8F-81B0-FB2FB9240366} = {69E22F55-66B7-442D-B386-8DC167DE8C75}
		{824E5F33-E500-4A50-889E-036FAFF11580} = {69E22F55-66B7-442D-B386-8DC167DE8C75}
		{2B4CFE41-FD9D-4FB8-8BC5-23A6DA7F8982} = {824E5F33-E500-4A50-889E-036FAFF11580}
		{0BDAF458-765C-4613-A465-7E9E76C5B71F} = {69E22F55-66B7-442D-B386-8DC167DE8C75}
		{4CCF2B62-02B1-4642-A828-2CCD8A18A1EE} = {0BDAF458-765C-4613-A465-7E9E76C5B71F}
		{38874871-C8AB-45BE-9EF2-2519FA487CF5} = {7F19A070-46CF-4532-9648-B29DC488E83E}
		{606D7998-97A3-4C9E-BF10-C5F65CF0ED24} = {38874871-C8AB-45BE-9EF2-2519FA487CF5}
		{AEC286A1-CA18-4CD5-8040-8B332FF78817} = {7F19A070-46CF-4532-9648-B29DC488E83E}
		{9746C426-E7EF-49C0-8565-4B00E63F7549} = {AEC286A1-CA18-4CD5-8040-8B332FF78817}
		{CF625B91-AC85-4B3B-BB91-3B52CA0F84FA} = {3B16C99E-18F3-4A8F-81B0-FB2FB9240366}
	EndGlobalSection
	GlobalSection(ExtensibilityGlobals) = postSolution
		SolutionGuid = {1AB7EFFA-1D04-4865-B2F6-BEFDB61CC04A}
	EndGlobalSection
EndGlobal
